// !$*UTF8*$!
{
	archiveVersion = 1;
	classes = {
	};
	objectVersion = 50;
	objects = {

/* Begin PBXBuildFile section */
		FB80966C2925CE6E002A432C /* AppDelegate.swift in Sources */ = {isa = PBXBuildFile; fileRef = FB80966B2925CE6E002A432C /* AppDelegate.swift */; };
		FB80966E2925CE6E002A432C /* SceneDelegate.swift in Sources */ = {isa = PBXBuildFile; fileRef = FB80966D2925CE6E002A432C /* SceneDelegate.swift */; };
		FB8096702925CE6E002A432C /* ViewController.swift in Sources */ = {isa = PBXBuildFile; fileRef = FB80966F2925CE6E002A432C /* ViewController.swift */; };
		FB8096732925CE6E002A432C /* Main.storyboard in Resources */ = {isa = PBXBuildFile; fileRef = FB8096712925CE6E002A432C /* Main.storyboard */; };
		FB8096762925CE6E002A432C /* EvidenciaFinal.xcdatamodeld in Sources */ = {isa = PBXBuildFile; fileRef = FB8096742925CE6E002A432C /* EvidenciaFinal.xcdatamodeld */; };
		FB8096782925CE73002A432C /* Assets.xcassets in Resources */ = {isa = PBXBuildFile; fileRef = FB8096772925CE73002A432C /* Assets.xcassets */; };
		FB80967B2925CE73002A432C /* LaunchScreen.storyboard in Resources */ = {isa = PBXBuildFile; fileRef = FB8096792925CE73002A432C /* LaunchScreen.storyboard */; };
		FB8096842925DA27002A432C /* ViewControllerPartidos.swift in Sources */ = {isa = PBXBuildFile; fileRef = FB8096832925DA27002A432C /* ViewControllerPartidos.swift */; };
		FB8096882925DB12002A432C /* ViewControllerEquipo.swift in Sources */ = {isa = PBXBuildFile; fileRef = FB8096872925DB12002A432C /* ViewControllerEquipo.swift */; };
/* End PBXBuildFile section */

/* Begin PBXFileReference section */
		FB8096682925CE6E002A432C /* EvidenciaFinal.app */ = {isa = PBXFileReference; explicitFileType = wrapper.application; includeInIndex = 0; path = EvidenciaFinal.app; sourceTree = BUILT_PRODUCTS_DIR; };
		FB80966B2925CE6E002A432C /* AppDelegate.swift */ = {isa = PBXFileReference; lastKnownFileType = sourcecode.swift; path = AppDelegate.swift; sourceTree = "<group>"; };
		FB80966D2925CE6E002A432C /* SceneDelegate.swift */ = {isa = PBXFileReference; lastKnownFileType = sourcecode.swift; path = SceneDelegate.swift; sourceTree = "<group>"; };
		FB80966F2925CE6E002A432C /* ViewController.swift */ = {isa = PBXFileReference; lastKnownFileType = sourcecode.swift; path = ViewController.swift; sourceTree = "<group>"; };
		FB8096722925CE6E002A432C /* Base */ = {isa = PBXFileReference; lastKnownFileType = file.storyboard; name = Base; path = Base.lproj/Main.storyboard; sourceTree = "<group>"; };
		FB8096752925CE6E002A432C /* EvidenciaFinal.xcdatamodel */ = {isa = PBXFileReference; lastKnownFileType = wrapper.xcdatamodel; path = EvidenciaFinal.xcdatamodel; sourceTree = "<group>"; };
		FB8096772925CE73002A432C /* Assets.xcassets */ = {isa = PBXFileReference; lastKnownFileType = folder.assetcatalog; path = Assets.xcassets; sourceTree = "<group>"; };
		FB80967A2925CE73002A432C /* Base */ = {isa = PBXFileReference; lastKnownFileType = file.storyboard; name = Base; path = Base.lproj/LaunchScreen.storyboard; sourceTree = "<group>"; };
		FB80967C2925CE73002A432C /* Info.plist */ = {isa = PBXFileReference; lastKnownFileType = text.plist.xml; path = Info.plist; sourceTree = "<group>"; };
		FB8096832925DA27002A432C /* ViewControllerPartidos.swift */ = {isa = PBXFileReference; lastKnownFileType = sourcecode.swift; path = ViewControllerPartidos.swift; sourceTree = "<group>"; };
		FB8096872925DB12002A432C /* ViewControllerEquipo.swift */ = {isa = PBXFileReference; lastKnownFileType = sourcecode.swift; path = ViewControllerEquipo.swift; sourceTree = "<group>"; };
/* End PBXFileReference section */

/* Begin PBXFrameworksBuildPhase section */
		FB8096652925CE6E002A432C /* Frameworks */ = {
			isa = PBXFrameworksBuildPhase;
			buildActionMask = 2147483647;
			files = (
			);
			runOnlyForDeploymentPostprocessing = 0;
		};
/* End PBXFrameworksBuildPhase section */

/* Begin PBXGroup section */
		FB80965F2925CE6E002A432C = {
			isa = PBXGroup;
			children = (
				FB80966A2925CE6E002A432C /* EvidenciaFinal */,
				FB8096692925CE6E002A432C /* Products */,
			);
			sourceTree = "<group>";
		};
		FB8096692925CE6E002A432C /* Products */ = {
			isa = PBXGroup;
			children = (
				FB8096682925CE6E002A432C /* EvidenciaFinal.app */,
			);
			name = Products;
			sourceTree = "<group>";
		};
		FB80966A2925CE6E002A432C /* EvidenciaFinal */ = {
			isa = PBXGroup;
			children = (
				FB8096862925DA38002A432C /* ViewControllers */,
				FB80966B2925CE6E002A432C /* AppDelegate.swift */,
				FB80966D2925CE6E002A432C /* SceneDelegate.swift */,
				FB8096712925CE6E002A432C /* Main.storyboard */,
				FB8096772925CE73002A432C /* Assets.xcassets */,
				FB8096792925CE73002A432C /* LaunchScreen.storyboard */,
				FB80967C2925CE73002A432C /* Info.plist */,
				FB8096742925CE6E002A432C /* EvidenciaFinal.xcdatamodeld */,
			);
			path = EvidenciaFinal;
			sourceTree = "<group>";
		};
		FB8096862925DA38002A432C /* ViewControllers */ = {
			isa = PBXGroup;
			children = (
				FB8096832925DA27002A432C /* ViewControllerPartidos.swift */,
				FB80966F2925CE6E002A432C /* ViewController.swift */,
				FB8096872925DB12002A432C /* ViewControllerEquipo.swift */,
			);
			path = ViewControllers;
			sourceTree = "<group>";
		};
/* End PBXGroup section */

/* Begin PBXNativeTarget section */
		FB8096672925CE6E002A432C /* EvidenciaFinal */ = {
			isa = PBXNativeTarget;
			buildConfigurationList = FB80967F2925CE73002A432C /* Build configuration list for PBXNativeTarget "EvidenciaFinal" */;
			buildPhases = (
				FB8096642925CE6E002A432C /* Sources */,
				FB8096652925CE6E002A432C /* Frameworks */,
				FB8096662925CE6E002A432C /* Resources */,
			);
			buildRules = (
			);
			dependencies = (
			);
			name = EvidenciaFinal;
			productName = EvidenciaFinal;
			productReference = FB8096682925CE6E002A432C /* EvidenciaFinal.app */;
			productType = "com.apple.product-type.application";
		};
/* End PBXNativeTarget section */

/* Begin PBXProject section */
		FB8096602925CE6E002A432C /* Project object */ = {
			isa = PBXProject;
			attributes = {
				LastSwiftUpdateCheck = 1240;
				LastUpgradeCheck = 1240;
				TargetAttributes = {
					FB8096672925CE6E002A432C = {
						CreatedOnToolsVersion = 12.4;
					};
				};
			};
			buildConfigurationList = FB8096632925CE6E002A432C /* Build configuration list for PBXProject "EvidenciaFinal" */;
			compatibilityVersion = "Xcode 9.3";
			developmentRegion = en;
			hasScannedForEncodings = 0;
			knownRegions = (
				en,
				Base,
			);
			mainGroup = FB80965F2925CE6E002A432C;
			productRefGroup = FB8096692925CE6E002A432C /* Products */;
			projectDirPath = "";
			projectRoot = "";
			targets = (
				FB8096672925CE6E002A432C /* EvidenciaFinal */,
			);
		};
/* End PBXProject section */

/* Begin PBXResourcesBuildPhase section */
		FB8096662925CE6E002A432C /* Resources */ = {
			isa = PBXResourcesBuildPhase;
			buildActionMask = 2147483647;
			files = (
				FB80967B2925CE73002A432C /* LaunchScreen.storyboard in Resources */,
				FB8096782925CE73002A432C /* Assets.xcassets in Resources */,
				FB8096732925CE6E002A432C /* Main.storyboard in Resources */,
			);
			runOnlyForDeploymentPostprocessing = 0;
		};
/* End PBXResourcesBuildPhase section */

/* Begin PBXSourcesBuildPhase section */
		FB8096642925CE6E002A432C /* Sources */ = {
			isa = PBXSourcesBuildPhase;
			buildActionMask = 2147483647;
			files = (
				FB8096842925DA27002A432C /* ViewControllerPartidos.swift in Sources */,
				FB8096882925DB12002A432C /* ViewControllerEquipo.swift in Sources */,
				FB8096702925CE6E002A432C /* ViewController.swift in Sources */,
				FB8096762925CE6E002A432C /* EvidenciaFinal.xcdatamodeld in Sources */,
				FB80966C2925CE6E002A432C /* AppDelegate.swift in Sources */,
				FB80966E2925CE6E002A432C /* SceneDelegate.swift in Sources */,
			);
			runOnlyForDeploymentPostprocessing = 0;
		};
/* End PBXSourcesBuildPhase section */

/* Begin PBXVariantGroup section */
		FB8096712925CE6E002A432C /* Main.storyboard */ = {
			isa = PBXVariantGroup;
			children = (
				FB8096722925CE6E002A432C /* Base */,
			);
			name = Main.storyboard;
			sourceTree = "<group>";
		};
		FB8096792925CE73002A432C /* LaunchScreen.storyboard */ = {
			isa = PBXVariantGroup;
			children = (
				FB80967A2925CE73002A432C /* Base */,
			);
			name = LaunchScreen.storyboard;
			sourceTree = "<group>";
		};
/* End PBXVariantGroup section */

/* Begin XCBuildConfiguration section */
		FB80967D2925CE73002A432C /* Debug */ = {
			isa = XCBuildConfiguration;
			buildSettings = {
				ALWAYS_SEARCH_USER_PATHS = NO;
				CLANG_ANALYZER_NONNULL = YES;
				CLANG_ANALYZER_NUMBER_OBJECT_CONVERSION = YES_AGGRESSIVE;
				CLANG_CXX_LANGUAGE_STANDARD = "gnu++14";
				CLANG_CXX_LIBRARY = "libc++";
				CLANG_ENABLE_MODULES = YES;
				CLANG_ENABLE_OBJC_ARC = YES;
				CLANG_ENABLE_OBJC_WEAK = YES;
				CLANG_WARN_BLOCK_CAPTURE_AUTORELEASING = YES;
				CLANG_WARN_BOOL_CONVERSION = YES;
				CLANG_WARN_COMMA = YES;
				CLANG_WARN_CONSTANT_CONVERSION = YES;
				CLANG_WARN_DEPRECATED_OBJC_IMPLEMENTATIONS = YES;
				CLANG_WARN_DIRECT_OBJC_ISA_USAGE = YES_ERROR;
				CLANG_WARN_DOCUMENTATION_COMMENTS = YES;
				CLANG_WARN_EMPTY_BODY = YES;
				CLANG_WARN_ENUM_CONVERSION = YES;
				CLANG_WARN_INFINITE_RECURSION = YES;
				CLANG_WARN_INT_CONVERSION = YES;
				CLANG_WARN_NON_LITERAL_NULL_CONVERSION = YES;
				CLANG_WARN_OBJC_IMPLICIT_RETAIN_SELF = YES;
				CLANG_WARN_OBJC_LITERAL_CONVERSION = YES;
				CLANG_WARN_OBJC_ROOT_CLASS = YES_ERROR;
				CLANG_WARN_QUOTED_INCLUDE_IN_FRAMEWORK_HEADER = YES;
				CLANG_WARN_RANGE_LOOP_ANALYSIS = YES;
				CLANG_WARN_STRICT_PROTOTYPES = YES;
				CLANG_WARN_SUSPICIOUS_MOVE = YES;
				CLANG_WARN_UNGUARDED_AVAILABILITY = YES_AGGRESSIVE;
				CLANG_WARN_UNREACHABLE_CODE = YES;
				CLANG_WARN__DUPLICATE_METHOD_MATCH = YES;
				COPY_PHASE_STRIP = NO;
				DEBUG_INFORMATION_FORMAT = dwarf;
				ENABLE_STRICT_OBJC_MSGSEND = YES;
				ENABLE_TESTABILITY = YES;
				GCC_C_LANGUAGE_STANDARD = gnu11;
				GCC_DYNAMIC_NO_PIC = NO;
				GCC_NO_COMMON_BLOCKS = YES;
				GCC_OPTIMIZATION_LEVEL = 0;
				GCC_PREPROCESSOR_DEFINITIONS = (
					"DEBUG=1",
					"$(inherited)",
				);
				GCC_WARN_64_TO_32_BIT_CONVERSION = YES;
				GCC_WARN_ABOUT_RETURN_TYPE = YES_ERROR;
				GCC_WARN_UNDECLARED_SELECTOR = YES;
				GCC_WARN_UNINITIALIZED_AUTOS = YES_AGGRESSIVE;
				GCC_WARN_UNUSED_FUNCTION = YES;
				GCC_WARN_UNUSED_VARIABLE = YES;
				IPHONEOS_DEPLOYMENT_TARGET = 14.4;
				MTL_ENABLE_DEBUG_INFO = INCLUDE_SOURCE;
				MTL_FAST_MATH = YES;
				ONLY_ACTIVE_ARCH = YES;
				SDKROOT = iphoneos;
				SWIFT_ACTIVE_COMPILATION_CONDITIONS = DEBUG;
				SWIFT_OPTIMIZATION_LEVEL = "-Onone";
			};
			name = Debug;
		};
		FB80967E2925CE73002A432C /* Release */ = {
			isa = XCBuildConfiguration;
			buildSettings = {
				ALWAYS_SEARCH_USER_PATHS = NO;
				CLANG_ANALYZER_NONNULL = YES;
				CLANG_ANALYZER_NUMBER_OBJECT_CONVERSION = YES_AGGRESSIVE;
				CLANG_CXX_LANGUAGE_STANDARD = "gnu++14";
				CLANG_CXX_LIBRARY = "libc++";
				CLANG_ENABLE_MODULES = YES;
				CLANG_ENABLE_OBJC_ARC = YES;
				CLANG_ENABLE_OBJC_WEAK = YES;
				CLANG_WARN_BLOCK_CAPTURE_AUTORELEASING = YES;
				CLANG_WARN_BOOL_CONVERSION = YES;
				CLANG_WARN_COMMA = YES;
				CLANG_WARN_CONSTANT_CONVERSION = YES;
				CLANG_WARN_DEPRECATED_OBJC_IMPLEMENTATIONS = YES;
				CLANG_WARN_DIRECT_OBJC_ISA_USAGE = YES_ERROR;
				CLANG_WARN_DOCUMENTATION_COMMENTS = YES;
				CLANG_WARN_EMPTY_BODY = YES;
				CLANG_WARN_ENUM_CONVERSION = YES;
				CLANG_WARN_INFINITE_RECURSION = YES;
				CLANG_WARN_INT_CONVERSION = YES;
				CLANG_WARN_NON_LITERAL_NULL_CONVERSION = YES;
				CLANG_WARN_OBJC_IMPLICIT_RETAIN_SELF = YES;
				CLANG_WARN_OBJC_LITERAL_CONVERSION = YES;
				CLANG_WARN_OBJC_ROOT_CLASS = YES_ERROR;
				CLANG_WARN_QUOTED_INCLUDE_IN_FRAMEWORK_HEADER = YES;
				CLANG_WARN_RANGE_LOOP_ANALYSIS = YES;
				CLANG_WARN_STRICT_PROTOTYPES = YES;
				CLANG_WARN_SUSPICIOUS_MOVE = YES;
				CLANG_WARN_UNGUARDED_AVAILABILITY = YES_AGGRESSIVE;
				CLANG_WARN_UNREACHABLE_CODE = YES;
				CLANG_WARN__DUPLICATE_METHOD_MATCH = YES;
				COPY_PHASE_STRIP = NO;
				DEBUG_INFORMATION_FORMAT = "dwarf-with-dsym";
				ENABLE_NS_ASSERTIONS = NO;
				ENABLE_STRICT_OBJC_MSGSEND = YES;
				GCC_C_LANGUAGE_STANDARD = gnu11;
				GCC_NO_COMMON_BLOCKS = YES;
				GCC_WARN_64_TO_32_BIT_CONVERSION = YES;
				GCC_WARN_ABOUT_RETURN_TYPE = YES_ERROR;
				GCC_WARN_UNDECLARED_SELECTOR = YES;
				GCC_WARN_UNINITIALIZED_AUTOS = YES_AGGRESSIVE;
				GCC_WARN_UNUSED_FUNCTION = YES;
				GCC_WARN_UNUSED_VARIABLE = YES;
				IPHONEOS_DEPLOYMENT_TARGET = 14.4;
				MTL_ENABLE_DEBUG_INFO = NO;
				MTL_FAST_MATH = YES;
				SDKROOT = iphoneos;
				SWIFT_COMPILATION_MODE = wholemodule;
				SWIFT_OPTIMIZATION_LEVEL = "-O";
				VALIDATE_PRODUCT = YES;
			};
			name = Release;
		};
		FB8096802925CE73002A432C /* Debug */ = {
			isa = XCBuildConfiguration;
			buildSettings = {
				ASSETCATALOG_COMPILER_APPICON_NAME = AppIcon;
				ASSETCATALOG_COMPILER_GLOBAL_ACCENT_COLOR_NAME = AccentColor;
				CODE_SIGN_STYLE = Automatic;
				INFOPLIST_FILE = EvidenciaFinal/Info.plist;
				LD_RUNPATH_SEARCH_PATHS = (
					"$(inherited)",
					"@executable_path/Frameworks",
				);
				PRODUCT_BUNDLE_IDENTIFIER = tecmi.EvidenciaFinal;
				PRODUCT_NAME = "$(TARGET_NAME)";
				SWIFT_VERSION = 5.0;
				TARGETED_DEVICE_FAMILY = "1,2";
			};
			name = Debug;
		};
		FB8096812925CE73002A432C /* Release */ = {
			isa = XCBuildConfiguration;
			buildSettings = {
				ASSETCATALOG_COMPILER_APPICON_NAME = AppIcon;
				ASSETCATALOG_COMPILER_GLOBAL_ACCENT_COLOR_NAME = AccentColor;
				CODE_SIGN_STYLE = Automatic;
				INFOPLIST_FILE = EvidenciaFinal/Info.plist;
				LD_RUNPATH_SEARCH_PATHS = (
					"$(inherited)",
					"@executable_path/Frameworks",
				);
				PRODUCT_BUNDLE_IDENTIFIER = tecmi.EvidenciaFinal;
				PRODUCT_NAME = "$(TARGET_NAME)";
				SWIFT_VERSION = 5.0;
				TARGETED_DEVICE_FAMILY = "1,2";
			};
			name = Release;
		};
/* End XCBuildConfiguration section */

/* Begin XCConfigurationList section */
		FB8096632925CE6E002A432C /* Build configuration list for PBXProject "EvidenciaFinal" */ = {
			isa = XCConfigurationList;
			buildConfigurations = (
				FB80967D2925CE73002A432C /* Debug */,
				FB80967E2925CE73002A432C /* Release */,
			);
			defaultConfigurationIsVisible = 0;
			defaultConfigurationName = Release;
		};
		FB80967F2925CE73002A432C /* Build configuration list for PBXNativeTarget "EvidenciaFinal" */ = {
			isa = XCConfigurationList;
			buildConfigurations = (
				FB8096802925CE73002A432C /* Debug */,
				FB8096812925CE73002A432C /* Release */,
			);
			defaultConfigurationIsVisible = 0;
			defaultConfigurationName = Release;
		};
/* End XCConfigurationList section */

/* Begin XCVersionGroup section */
		FB8096742925CE6E002A432C /* EvidenciaFinal.xcdatamodeld */ = {
			isa = XCVersionGroup;
			children = (
				FB8096752925CE6E002A432C /* EvidenciaFinal.xcdatamodel */,
			);
			currentVersion = FB8096752925CE6E002A432C /* EvidenciaFinal.xcdatamodel */;
			path = EvidenciaFinal.xcdatamodeld;
			sourceTree = "<group>";
			versionGroupType = wrapper.xcdatamodel;
		};
/* End XCVersionGroup section */
	};
	rootObject = FB8096602925CE6E002A432C /* Project object */;
}
